
Microsoft Visual Studio Solution File, Format Version 12.00
# Visual Studio Version 17
VisualStudioVersion = 17.5.33424.131
MinimumVisualStudioVersion = 10.0.40219.1
Project("{8BC9CEB8-8B4A-11D0-8D11-00A0C91BC942}") = "linked_list_assignment", "linked_list_assignment\linked_list_assignment.vcxproj", "{E8AE549A-3F38-4028-90ED-1E6802907AE7}"
EndProject
Global
	GlobalSection(SolutionConfigurationPlatforms) = preSolution
		Debug|x64 = Debug|x64
		Debug|x86 = Debug|x86
		Release|x64 = Release|x64
		Release|x86 = Release|x86
	EndGlobalSection
	GlobalSection(ProjectConfigurationPlatforms) = postSolution
		{E8AE549A-3F38-4028-90ED-1E6802907AE7}.Debug|x64.ActiveCfg = Debug|x64
		{E8AE549A-3F38-4028-90ED-1E6802907AE7}.Debug|x64.Build.0 = Debug|x64
		{E8AE549A-3F38-4028-90ED-1E6802907AE7}.Debug|x86.ActiveCfg = Debug|Win32
		{E8AE549A-3F38-4028-90ED-1E6802907AE7}.Debug|x86.Build.0 = Debug|Win32
		{E8AE549A-3F38-4028-90ED-1E6802907AE7}.Release|x64.ActiveCfg = Release|x64
		{E8AE549A-3F38-4028-90ED-1E6802907AE7}.Release|x64.Build.0 = Release|x64
		{E8AE549A-3F38-4028-90ED-1E6802907AE7}.Release|x86.ActiveCfg = Release|Win32
		{E8AE549A-3F38-4028-90ED-1E6802907AE7}.Release|x86.Build.0 = Release|Win32
	EndGlobalSection
	GlobalSection(SolutionProperties) = preSolution
		HideSolutionNode = FALSE
	EndGlobalSection
	GlobalSection(ExtensibilityGlobals) = postSolution
		SolutionGuid = {048F2356-2C45-4668-A6F1-68DC0C1F879D}
	EndGlobalSection
EndGlobal
